
Microsoft Visual Studio Solution File, Format Version 12.00
# Visual Studio 15
VisualStudioVersion = 15.0.28307.779
MinimumVisualStudioVersion = 10.0.40219.1
Project("{8BC9CEB8-8B4A-11D0-8D11-00A0C91BC942}") = "Pong2", "Pong2\Pong2.vcxproj", "{0923D58D-0B82-45A8-A8FA-FFA628F9E304}"
EndProject
Global
	GlobalSection(SolutionConfigurationPlatforms) = preSolution
		Debug|x64 = Debug|x64
		Debug|x86 = Debug|x86
		Release|x64 = Release|x64
		Release|x86 = Release|x86
	EndGlobalSection
	GlobalSection(ProjectConfigurationPlatforms) = postSolution
		{0923D58D-0B82-45A8-A8FA-FFA628F9E304}.Debug|x64.ActiveCfg = Debug|x64
		{0923D58D-0B82-45A8-A8FA-FFA628F9E304}.Debug|x64.Build.0 = Debug|x64
		{0923D58D-0B82-45A8-A8FA-FFA628F9E304}.Debug|x86.ActiveCfg = Debug|Win32
		{0923D58D-0B82-45A8-A8FA-FFA628F9E304}.Debug|x86.Build.0 = Debug|Win32
		{0923D58D-0B82-45A8-A8FA-FFA628F9E304}.Release|x64.ActiveCfg = Release|x64
		{0923D58D-0B82-45A8-A8FA-FFA628F9E304}.Release|x64.Build.0 = Release|x64
		{0923D58D-0B82-45A8-A8FA-FFA628F9E304}.Release|x86.ActiveCfg = Release|Win32
		{0923D58D-0B82-45A8-A8FA-FFA628F9E304}.Release|x86.Build.0 = Release|Win32
	EndGlobalSection
	GlobalSection(SolutionProperties) = preSolution
		HideSolutionNode = FALSE
	EndGlobalSection
	GlobalSection(ExtensibilityGlobals) = postSolution
		SolutionGuid = {CA33A028-76CA-4CE4-96AF-89A07CB2594E}
	EndGlobalSection
EndGlobal
